// !$*UTF8*$!
{
	archiveVersion = 1;
	classes = {
	};
	objectVersion = 52;
	objects = {

/* Begin PBXBuildFile section */
		1346EAE9239275CB005BCD53 /* AppDelegate.swift in Sources */ = {isa = PBXBuildFile; fileRef = 1346EAE8239275CB005BCD53 /* AppDelegate.swift */; };
		1346EAEB239275CB005BCD53 /* SceneDelegate.swift in Sources */ = {isa = PBXBuildFile; fileRef = 1346EAEA239275CB005BCD53 /* SceneDelegate.swift */; };
		1346EAED239275CB005BCD53 /* ContentView.swift in Sources */ = {isa = PBXBuildFile; fileRef = 1346EAEC239275CB005BCD53 /* ContentView.swift */; };
		1346EAEF239275CC005BCD53 /* Assets.xcassets in Resources */ = {isa = PBXBuildFile; fileRef = 1346EAEE239275CC005BCD53 /* Assets.xcassets */; };
		1346EAF2239275CC005BCD53 /* Preview Assets.xcassets in Resources */ = {isa = PBXBuildFile; fileRef = 1346EAF1239275CC005BCD53 /* Preview Assets.xcassets */; };
		1346EAF5239275CC005BCD53 /* LaunchScreen.storyboard in Resources */ = {isa = PBXBuildFile; fileRef = 1346EAF3239275CC005BCD53 /* LaunchScreen.storyboard */; };
		1346EB00239275CC005BCD53 /* SudokuTests.swift in Sources */ = {isa = PBXBuildFile; fileRef = 1346EAFF239275CC005BCD53 /* SudokuTests.swift */; };
		1346EB0B239275CC005BCD53 /* SudokuUITests.swift in Sources */ = {isa = PBXBuildFile; fileRef = 1346EB0A239275CC005BCD53 /* SudokuUITests.swift */; };
		1346EB1A239275E6005BCD53 /* Cell.swift in Sources */ = {isa = PBXBuildFile; fileRef = 1346EB19239275E6005BCD53 /* Cell.swift */; };
		1346EB1F23927610005BCD53 /* Puzzle.swift in Sources */ = {isa = PBXBuildFile; fileRef = 1346EB1E23927610005BCD53 /* Puzzle.swift */; };
		1346EB212392767E005BCD53 /* CellPosition.swift in Sources */ = {isa = PBXBuildFile; fileRef = 1346EB202392767E005BCD53 /* CellPosition.swift */; };
		1346EB24239277AA005BCD53 /* Pipe.swift in Sources */ = {isa = PBXBuildFile; fileRef = 1346EB23239277AA005BCD53 /* Pipe.swift */; };
		1346EB2623927845005BCD53 /* ForwardApplication.swift in Sources */ = {isa = PBXBuildFile; fileRef = 1346EB2523927845005BCD53 /* ForwardApplication.swift */; };
		1346EB2823927881005BCD53 /* ForwardCompose.swift in Sources */ = {isa = PBXBuildFile; fileRef = 1346EB2723927881005BCD53 /* ForwardCompose.swift */; };
		1346EB2A239278AD005BCD53 /* ForwardComposition.swift in Sources */ = {isa = PBXBuildFile; fileRef = 1346EB29239278AD005BCD53 /* ForwardComposition.swift */; };
		1346EB2D23927A56005BCD53 /* Curry.swift in Sources */ = {isa = PBXBuildFile; fileRef = 1346EB2C23927A56005BCD53 /* Curry.swift */; };
		1346EB2F23927D09005BCD53 /* Technique.swift in Sources */ = {isa = PBXBuildFile; fileRef = 1346EB2E23927D09005BCD53 /* Technique.swift */; };
		1346EB34239282BD005BCD53 /* CellView.swift in Sources */ = {isa = PBXBuildFile; fileRef = 1346EB33239282BD005BCD53 /* CellView.swift */; };
		1346EB3623928489005BCD53 /* BlockView.swift in Sources */ = {isa = PBXBuildFile; fileRef = 1346EB3523928488005BCD53 /* BlockView.swift */; };
		1346EB382392850C005BCD53 /* PuzzleView.swift in Sources */ = {isa = PBXBuildFile; fileRef = 1346EB372392850C005BCD53 /* PuzzleView.swift */; };
		1346EB3A23928804005BCD53 /* Style.swift in Sources */ = {isa = PBXBuildFile; fileRef = 1346EB3923928804005BCD53 /* Style.swift */; };
		1346EB3D23928E30005BCD53 /* Sequence.swift in Sources */ = {isa = PBXBuildFile; fileRef = 1346EB3C23928E30005BCD53 /* Sequence.swift */; };
		1346EB4023929222005BCD53 /* RowRowIndex.swift in Sources */ = {isa = PBXBuildFile; fileRef = 1346EB3F23929222005BCD53 /* RowRowIndex.swift */; };
		1346EB4223929279005BCD53 /* ColumnIndex.swift in Sources */ = {isa = PBXBuildFile; fileRef = 1346EB4123929279005BCD53 /* ColumnIndex.swift */; };
		1346EB5723929FB4005BCD53 /* Quick in Frameworks */ = {isa = PBXBuildFile; productRef = 1346EB5623929FB4005BCD53 /* Quick */; };
		1346EB5923929FB4005BCD53 /* Nimble in Frameworks */ = {isa = PBXBuildFile; productRef = 1346EB5823929FB4005BCD53 /* Nimble */; };
		1346EB6323929FD2005BCD53 /* Quick in Frameworks */ = {isa = PBXBuildFile; productRef = 1346EB6223929FD2005BCD53 /* Quick */; };
		1346EB6523929FD2005BCD53 /* Nimble in Frameworks */ = {isa = PBXBuildFile; productRef = 1346EB6423929FD2005BCD53 /* Nimble */; };
		1346EB672392A061005BCD53 /* SudokuParserSpec.swift in Sources */ = {isa = PBXBuildFile; fileRef = 1346EB662392A061005BCD53 /* SudokuParserSpec.swift */; };
		1346EB692392A165005BCD53 /* String.swift in Sources */ = {isa = PBXBuildFile; fileRef = 1346EB682392A165005BCD53 /* String.swift */; };
		1346EB6B2392A1DA005BCD53 /* StringExtensionsSpec.swift in Sources */ = {isa = PBXBuildFile; fileRef = 1346EB6A2392A1DA005BCD53 /* StringExtensionsSpec.swift */; };
		1346EB712392B5CE005BCD53 /* Array.swift in Sources */ = {isa = PBXBuildFile; fileRef = 1346EB702392B5CE005BCD53 /* Array.swift */; };
		1346EB732392B5EC005BCD53 /* Set.swift in Sources */ = {isa = PBXBuildFile; fileRef = 1346EB722392B5EC005BCD53 /* Set.swift */; };
		1346EB752392B832005BCD53 /* PuzzleRowSpec.swift in Sources */ = {isa = PBXBuildFile; fileRef = 1346EB742392B832005BCD53 /* PuzzleRowSpec.swift */; };
		1346EB782392BEFB005BCD53 /* OpenSingleRow.swift in Sources */ = {isa = PBXBuildFile; fileRef = 1346EB772392BEFB005BCD53 /* OpenSingleRow.swift */; };
		1346EB7A2392BFE9005BCD53 /* Lens.swift in Sources */ = {isa = PBXBuildFile; fileRef = 1346EB792392BFE9005BCD53 /* Lens.swift */; };
		1346EB7C2392CA6E005BCD53 /* VisualElimination.swift in Sources */ = {isa = PBXBuildFile; fileRef = 1346EB7B2392CA6E005BCD53 /* VisualElimination.swift */; };
		1346EB7E2392D130005BCD53 /* BlockPosition.swift in Sources */ = {isa = PBXBuildFile; fileRef = 1346EB7D2392D130005BCD53 /* BlockPosition.swift */; };
		1346EB812392DBBE005BCD53 /* OpenSingleSpec.swift in Sources */ = {isa = PBXBuildFile; fileRef = 1346EB802392DBBE005BCD53 /* OpenSingleSpec.swift */; };
		1346EB842392E06A005BCD53 /* Puzzle+Row.swift in Sources */ = {isa = PBXBuildFile; fileRef = 1346EB832392E06A005BCD53 /* Puzzle+Row.swift */; };
		1346EB862392E090005BCD53 /* Puzzle+Block.swift in Sources */ = {isa = PBXBuildFile; fileRef = 1346EB852392E090005BCD53 /* Puzzle+Block.swift */; };
		1346EB882392E0C0005BCD53 /* Puzzle+Column.swift in Sources */ = {isa = PBXBuildFile; fileRef = 1346EB872392E0C0005BCD53 /* Puzzle+Column.swift */; };
		1346EB8A2392E0E5005BCD53 /* Puzzle+Lenses.swift in Sources */ = {isa = PBXBuildFile; fileRef = 1346EB892392E0E5005BCD53 /* Puzzle+Lenses.swift */; };
		136476352392F3E500DE6D9D /* VisualEliminationSpec.swift in Sources */ = {isa = PBXBuildFile; fileRef = 136476342392F3E500DE6D9D /* VisualEliminationSpec.swift */; };
		136476372392F79A00DE6D9D /* OpenSingleColumn.swift in Sources */ = {isa = PBXBuildFile; fileRef = 136476362392F79A00DE6D9D /* OpenSingleColumn.swift */; };
		136476392392F7BC00DE6D9D /* OpenSingleBlock.swift in Sources */ = {isa = PBXBuildFile; fileRef = 136476382392F7BC00DE6D9D /* OpenSingleBlock.swift */; };
		1364763B2392F87300DE6D9D /* NakedSingle.swift in Sources */ = {isa = PBXBuildFile; fileRef = 1364763A2392F87300DE6D9D /* NakedSingle.swift */; };
		1364763D2393020E00DE6D9D /* NakedSingleSpec.swift in Sources */ = {isa = PBXBuildFile; fileRef = 1364763C2393020E00DE6D9D /* NakedSingleSpec.swift */; };
		1364763F239309F500DE6D9D /* ΗiddenSingleRow.swift in Sources */ = {isa = PBXBuildFile; fileRef = 1364763E239309F500DE6D9D /* ΗiddenSingleRow.swift */; };
		1364764123930C4E00DE6D9D /* HiddenSingleRowSpec.swift in Sources */ = {isa = PBXBuildFile; fileRef = 1364764023930C4E00DE6D9D /* HiddenSingleRowSpec.swift */; };
		13647643239310BF00DE6D9D /* HiddenSingleColumn.swift in Sources */ = {isa = PBXBuildFile; fileRef = 13647642239310BF00DE6D9D /* HiddenSingleColumn.swift */; };
		136476452393111D00DE6D9D /* HiddenSingleColumnSpec.swift in Sources */ = {isa = PBXBuildFile; fileRef = 136476442393111D00DE6D9D /* HiddenSingleColumnSpec.swift */; };
/* End PBXBuildFile section */

/* Begin PBXContainerItemProxy section */
		1346EAFC239275CC005BCD53 /* PBXContainerItemProxy */ = {
			isa = PBXContainerItemProxy;
			containerPortal = 1346EADD239275CB005BCD53 /* Project object */;
			proxyType = 1;
			remoteGlobalIDString = 1346EAE4239275CB005BCD53;
			remoteInfo = Sudoku;
		};
		1346EB07239275CC005BCD53 /* PBXContainerItemProxy */ = {
			isa = PBXContainerItemProxy;
			containerPortal = 1346EADD239275CB005BCD53 /* Project object */;
			proxyType = 1;
			remoteGlobalIDString = 1346EAE4239275CB005BCD53;
			remoteInfo = Sudoku;
		};
/* End PBXContainerItemProxy section */

/* Begin PBXFileReference section */
		1346EAE5239275CB005BCD53 /* Sudoku.app */ = {isa = PBXFileReference; explicitFileType = wrapper.application; includeInIndex = 0; path = Sudoku.app; sourceTree = BUILT_PRODUCTS_DIR; };
		1346EAE8239275CB005BCD53 /* AppDelegate.swift */ = {isa = PBXFileReference; lastKnownFileType = sourcecode.swift; path = AppDelegate.swift; sourceTree = "<group>"; };
		1346EAEA239275CB005BCD53 /* SceneDelegate.swift */ = {isa = PBXFileReference; lastKnownFileType = sourcecode.swift; path = SceneDelegate.swift; sourceTree = "<group>"; };
		1346EAEC239275CB005BCD53 /* ContentView.swift */ = {isa = PBXFileReference; lastKnownFileType = sourcecode.swift; path = ContentView.swift; sourceTree = "<group>"; };
		1346EAEE239275CC005BCD53 /* Assets.xcassets */ = {isa = PBXFileReference; lastKnownFileType = folder.assetcatalog; path = Assets.xcassets; sourceTree = "<group>"; };
		1346EAF1239275CC005BCD53 /* Preview Assets.xcassets */ = {isa = PBXFileReference; lastKnownFileType = folder.assetcatalog; path = "Preview Assets.xcassets"; sourceTree = "<group>"; };
		1346EAF4239275CC005BCD53 /* Base */ = {isa = PBXFileReference; lastKnownFileType = file.storyboard; name = Base; path = Base.lproj/LaunchScreen.storyboard; sourceTree = "<group>"; };
		1346EAF6239275CC005BCD53 /* Info.plist */ = {isa = PBXFileReference; lastKnownFileType = text.plist.xml; path = Info.plist; sourceTree = "<group>"; };
		1346EAFB239275CC005BCD53 /* SudokuTests.xctest */ = {isa = PBXFileReference; explicitFileType = wrapper.cfbundle; includeInIndex = 0; path = SudokuTests.xctest; sourceTree = BUILT_PRODUCTS_DIR; };
		1346EAFF239275CC005BCD53 /* SudokuTests.swift */ = {isa = PBXFileReference; lastKnownFileType = sourcecode.swift; path = SudokuTests.swift; sourceTree = "<group>"; };
		1346EB01239275CC005BCD53 /* Info.plist */ = {isa = PBXFileReference; lastKnownFileType = text.plist.xml; path = Info.plist; sourceTree = "<group>"; };
		1346EB06239275CC005BCD53 /* SudokuUITests.xctest */ = {isa = PBXFileReference; explicitFileType = wrapper.cfbundle; includeInIndex = 0; path = SudokuUITests.xctest; sourceTree = BUILT_PRODUCTS_DIR; };
		1346EB0A239275CC005BCD53 /* SudokuUITests.swift */ = {isa = PBXFileReference; lastKnownFileType = sourcecode.swift; path = SudokuUITests.swift; sourceTree = "<group>"; };
		1346EB0C239275CC005BCD53 /* Info.plist */ = {isa = PBXFileReference; lastKnownFileType = text.plist.xml; path = Info.plist; sourceTree = "<group>"; };
		1346EB19239275E6005BCD53 /* Cell.swift */ = {isa = PBXFileReference; lastKnownFileType = sourcecode.swift; path = Cell.swift; sourceTree = "<group>"; };
		1346EB1E23927610005BCD53 /* Puzzle.swift */ = {isa = PBXFileReference; lastKnownFileType = sourcecode.swift; path = Puzzle.swift; sourceTree = "<group>"; };
		1346EB202392767E005BCD53 /* CellPosition.swift */ = {isa = PBXFileReference; lastKnownFileType = sourcecode.swift; path = CellPosition.swift; sourceTree = "<group>"; };
		1346EB23239277AA005BCD53 /* Pipe.swift */ = {isa = PBXFileReference; lastKnownFileType = sourcecode.swift; path = Pipe.swift; sourceTree = "<group>"; };
		1346EB2523927845005BCD53 /* ForwardApplication.swift */ = {isa = PBXFileReference; lastKnownFileType = sourcecode.swift; path = ForwardApplication.swift; sourceTree = "<group>"; };
		1346EB2723927881005BCD53 /* ForwardCompose.swift */ = {isa = PBXFileReference; lastKnownFileType = sourcecode.swift; path = ForwardCompose.swift; sourceTree = "<group>"; };
		1346EB29239278AD005BCD53 /* ForwardComposition.swift */ = {isa = PBXFileReference; lastKnownFileType = sourcecode.swift; path = ForwardComposition.swift; sourceTree = "<group>"; };
		1346EB2C23927A56005BCD53 /* Curry.swift */ = {isa = PBXFileReference; lastKnownFileType = sourcecode.swift; path = Curry.swift; sourceTree = "<group>"; };
		1346EB2E23927D09005BCD53 /* Technique.swift */ = {isa = PBXFileReference; lastKnownFileType = sourcecode.swift; path = Technique.swift; sourceTree = "<group>"; };
		1346EB33239282BD005BCD53 /* CellView.swift */ = {isa = PBXFileReference; lastKnownFileType = sourcecode.swift; path = CellView.swift; sourceTree = "<group>"; };
		1346EB3523928488005BCD53 /* BlockView.swift */ = {isa = PBXFileReference; lastKnownFileType = sourcecode.swift; path = BlockView.swift; sourceTree = "<group>"; };
		1346EB372392850C005BCD53 /* PuzzleView.swift */ = {isa = PBXFileReference; lastKnownFileType = sourcecode.swift; path = PuzzleView.swift; sourceTree = "<group>"; };
		1346EB3923928804005BCD53 /* Style.swift */ = {isa = PBXFileReference; lastKnownFileType = sourcecode.swift; path = Style.swift; sourceTree = "<group>"; };
		1346EB3C23928E30005BCD53 /* Sequence.swift */ = {isa = PBXFileReference; lastKnownFileType = sourcecode.swift; path = Sequence.swift; sourceTree = "<group>"; };
		1346EB3F23929222005BCD53 /* RowRowIndex.swift */ = {isa = PBXFileReference; lastKnownFileType = sourcecode.swift; path = RowRowIndex.swift; sourceTree = "<group>"; };
		1346EB4123929279005BCD53 /* ColumnIndex.swift */ = {isa = PBXFileReference; lastKnownFileType = sourcecode.swift; path = ColumnIndex.swift; sourceTree = "<group>"; };
		1346EB662392A061005BCD53 /* SudokuParserSpec.swift */ = {isa = PBXFileReference; lastKnownFileType = sourcecode.swift; path = SudokuParserSpec.swift; sourceTree = "<group>"; };
		1346EB682392A165005BCD53 /* String.swift */ = {isa = PBXFileReference; lastKnownFileType = sourcecode.swift; path = String.swift; sourceTree = "<group>"; };
		1346EB6A2392A1DA005BCD53 /* StringExtensionsSpec.swift */ = {isa = PBXFileReference; lastKnownFileType = sourcecode.swift; path = StringExtensionsSpec.swift; sourceTree = "<group>"; };
		1346EB702392B5CE005BCD53 /* Array.swift */ = {isa = PBXFileReference; lastKnownFileType = sourcecode.swift; path = Array.swift; sourceTree = "<group>"; };
		1346EB722392B5EC005BCD53 /* Set.swift */ = {isa = PBXFileReference; lastKnownFileType = sourcecode.swift; path = Set.swift; sourceTree = "<group>"; };
		1346EB742392B832005BCD53 /* PuzzleRowSpec.swift */ = {isa = PBXFileReference; lastKnownFileType = sourcecode.swift; path = PuzzleRowSpec.swift; sourceTree = "<group>"; };
		1346EB772392BEFB005BCD53 /* OpenSingleRow.swift */ = {isa = PBXFileReference; lastKnownFileType = sourcecode.swift; path = OpenSingleRow.swift; sourceTree = "<group>"; };
		1346EB792392BFE9005BCD53 /* Lens.swift */ = {isa = PBXFileReference; lastKnownFileType = sourcecode.swift; path = Lens.swift; sourceTree = "<group>"; };
		1346EB7B2392CA6E005BCD53 /* VisualElimination.swift */ = {isa = PBXFileReference; lastKnownFileType = sourcecode.swift; path = VisualElimination.swift; sourceTree = "<group>"; };
		1346EB7D2392D130005BCD53 /* BlockPosition.swift */ = {isa = PBXFileReference; lastKnownFileType = sourcecode.swift; path = BlockPosition.swift; sourceTree = "<group>"; };
		1346EB802392DBBE005BCD53 /* OpenSingleSpec.swift */ = {isa = PBXFileReference; lastKnownFileType = sourcecode.swift; path = OpenSingleSpec.swift; sourceTree = "<group>"; };
		1346EB832392E06A005BCD53 /* Puzzle+Row.swift */ = {isa = PBXFileReference; lastKnownFileType = sourcecode.swift; path = "Puzzle+Row.swift"; sourceTree = "<group>"; };
		1346EB852392E090005BCD53 /* Puzzle+Block.swift */ = {isa = PBXFileReference; lastKnownFileType = sourcecode.swift; path = "Puzzle+Block.swift"; sourceTree = "<group>"; };
		1346EB872392E0C0005BCD53 /* Puzzle+Column.swift */ = {isa = PBXFileReference; lastKnownFileType = sourcecode.swift; path = "Puzzle+Column.swift"; sourceTree = "<group>"; };
		1346EB892392E0E5005BCD53 /* Puzzle+Lenses.swift */ = {isa = PBXFileReference; lastKnownFileType = sourcecode.swift; path = "Puzzle+Lenses.swift"; sourceTree = "<group>"; };
		136476342392F3E500DE6D9D /* VisualEliminationSpec.swift */ = {isa = PBXFileReference; lastKnownFileType = sourcecode.swift; path = VisualEliminationSpec.swift; sourceTree = "<group>"; };
		136476362392F79A00DE6D9D /* OpenSingleColumn.swift */ = {isa = PBXFileReference; lastKnownFileType = sourcecode.swift; path = OpenSingleColumn.swift; sourceTree = "<group>"; };
		136476382392F7BC00DE6D9D /* OpenSingleBlock.swift */ = {isa = PBXFileReference; lastKnownFileType = sourcecode.swift; path = OpenSingleBlock.swift; sourceTree = "<group>"; };
		1364763A2392F87300DE6D9D /* NakedSingle.swift */ = {isa = PBXFileReference; lastKnownFileType = sourcecode.swift; path = NakedSingle.swift; sourceTree = "<group>"; };
		1364763C2393020E00DE6D9D /* NakedSingleSpec.swift */ = {isa = PBXFileReference; lastKnownFileType = sourcecode.swift; path = NakedSingleSpec.swift; sourceTree = "<group>"; };
		1364763E239309F500DE6D9D /* ΗiddenSingleRow.swift */ = {isa = PBXFileReference; lastKnownFileType = sourcecode.swift; path = "ΗiddenSingleRow.swift"; sourceTree = "<group>"; };
		1364764023930C4E00DE6D9D /* HiddenSingleRowSpec.swift */ = {isa = PBXFileReference; lastKnownFileType = sourcecode.swift; path = HiddenSingleRowSpec.swift; sourceTree = "<group>"; };
		13647642239310BF00DE6D9D /* HiddenSingleColumn.swift */ = {isa = PBXFileReference; lastKnownFileType = sourcecode.swift; path = HiddenSingleColumn.swift; sourceTree = "<group>"; };
		136476442393111D00DE6D9D /* HiddenSingleColumnSpec.swift */ = {isa = PBXFileReference; lastKnownFileType = sourcecode.swift; path = HiddenSingleColumnSpec.swift; sourceTree = "<group>"; };
/* End PBXFileReference section */

/* Begin PBXFrameworksBuildPhase section */
		1346EAE2239275CB005BCD53 /* Frameworks */ = {
			isa = PBXFrameworksBuildPhase;
			buildActionMask = 2147483647;
			files = (
			);
			runOnlyForDeploymentPostprocessing = 0;
		};
		1346EAF8239275CC005BCD53 /* Frameworks */ = {
			isa = PBXFrameworksBuildPhase;
			buildActionMask = 2147483647;
			files = (
				1346EB5723929FB4005BCD53 /* Quick in Frameworks */,
				1346EB5923929FB4005BCD53 /* Nimble in Frameworks */,
			);
			runOnlyForDeploymentPostprocessing = 0;
		};
		1346EB03239275CC005BCD53 /* Frameworks */ = {
			isa = PBXFrameworksBuildPhase;
			buildActionMask = 2147483647;
			files = (
				1346EB6323929FD2005BCD53 /* Quick in Frameworks */,
				1346EB6523929FD2005BCD53 /* Nimble in Frameworks */,
			);
			runOnlyForDeploymentPostprocessing = 0;
		};
/* End PBXFrameworksBuildPhase section */

/* Begin PBXGroup section */
		1346EADC239275CB005BCD53 = {
			isa = PBXGroup;
			children = (
				1346EAE7239275CB005BCD53 /* Sudoku */,
				1346EAFE239275CC005BCD53 /* SudokuTests */,
				1346EB09239275CC005BCD53 /* SudokuUITests */,
				1346EAE6239275CB005BCD53 /* Products */,
				1346EB5523929FB4005BCD53 /* Frameworks */,
			);
			sourceTree = "<group>";
		};
		1346EAE6239275CB005BCD53 /* Products */ = {
			isa = PBXGroup;
			children = (
				1346EAE5239275CB005BCD53 /* Sudoku.app */,
				1346EAFB239275CC005BCD53 /* SudokuTests.xctest */,
				1346EB06239275CC005BCD53 /* SudokuUITests.xctest */,
			);
			name = Products;
			sourceTree = "<group>";
		};
		1346EAE7239275CB005BCD53 /* Sudoku */ = {
			isa = PBXGroup;
			children = (
				1346EB3B23928E26005BCD53 /* Extensions */,
				1346EB30239282A4005BCD53 /* Views */,
				1346EB22239277A1005BCD53 /* Functional */,
				1346EB18239275DB005BCD53 /* Models */,
				1346EAE8239275CB005BCD53 /* AppDelegate.swift */,
				1346EAEA239275CB005BCD53 /* SceneDelegate.swift */,
				1346EAEC239275CB005BCD53 /* ContentView.swift */,
				1346EAEE239275CC005BCD53 /* Assets.xcassets */,
				1346EAF3239275CC005BCD53 /* LaunchScreen.storyboard */,
				1346EAF6239275CC005BCD53 /* Info.plist */,
				1346EAF0239275CC005BCD53 /* Preview Content */,
			);
			path = Sudoku;
			sourceTree = "<group>";
		};
		1346EAF0239275CC005BCD53 /* Preview Content */ = {
			isa = PBXGroup;
			children = (
				1346EAF1239275CC005BCD53 /* Preview Assets.xcassets */,
			);
			path = "Preview Content";
			sourceTree = "<group>";
		};
		1346EAFE239275CC005BCD53 /* SudokuTests */ = {
			isa = PBXGroup;
			children = (
				1346EB7F2392DBAA005BCD53 /* Techniques */,
				1346EAFF239275CC005BCD53 /* SudokuTests.swift */,
				1346EB01239275CC005BCD53 /* Info.plist */,
				1346EB662392A061005BCD53 /* SudokuParserSpec.swift */,
				1346EB6A2392A1DA005BCD53 /* StringExtensionsSpec.swift */,
				1346EB742392B832005BCD53 /* PuzzleRowSpec.swift */,
			);
			path = SudokuTests;
			sourceTree = "<group>";
		};
		1346EB09239275CC005BCD53 /* SudokuUITests */ = {
			isa = PBXGroup;
			children = (
				1346EB0A239275CC005BCD53 /* SudokuUITests.swift */,
				1346EB0C239275CC005BCD53 /* Info.plist */,
			);
			path = SudokuUITests;
			sourceTree = "<group>";
		};
		1346EB18239275DB005BCD53 /* Models */ = {
			isa = PBXGroup;
			children = (
				1346EB822392E05A005BCD53 /* Puzzle */,
				1346EB762392BED5005BCD53 /* Techniques */,
				1346EB19239275E6005BCD53 /* Cell.swift */,
				1346EB3E23929218005BCD53 /* Position */,
			);
			path = Models;
			sourceTree = "<group>";
		};
		1346EB22239277A1005BCD53 /* Functional */ = {
			isa = PBXGroup;
			children = (
				1346EB23239277AA005BCD53 /* Pipe.swift */,
				1346EB2723927881005BCD53 /* ForwardCompose.swift */,
				1346EB2C23927A56005BCD53 /* Curry.swift */,
				1346EB2523927845005BCD53 /* ForwardApplication.swift */,
				1346EB29239278AD005BCD53 /* ForwardComposition.swift */,
				1346EB792392BFE9005BCD53 /* Lens.swift */,
			);
			path = Functional;
			sourceTree = "<group>";
		};
		1346EB30239282A4005BCD53 /* Views */ = {
			isa = PBXGroup;
			children = (
				1346EB33239282BD005BCD53 /* CellView.swift */,
				1346EB3523928488005BCD53 /* BlockView.swift */,
				1346EB372392850C005BCD53 /* PuzzleView.swift */,
				1346EB3923928804005BCD53 /* Style.swift */,
			);
			path = Views;
			sourceTree = "<group>";
		};
		1346EB3B23928E26005BCD53 /* Extensions */ = {
			isa = PBXGroup;
			children = (
				1346EB3C23928E30005BCD53 /* Sequence.swift */,
				1346EB682392A165005BCD53 /* String.swift */,
				1346EB702392B5CE005BCD53 /* Array.swift */,
				1346EB722392B5EC005BCD53 /* Set.swift */,
			);
			path = Extensions;
			sourceTree = "<group>";
		};
		1346EB3E23929218005BCD53 /* Position */ = {
			isa = PBXGroup;
			children = (
				1346EB7D2392D130005BCD53 /* BlockPosition.swift */,
				1346EB202392767E005BCD53 /* CellPosition.swift */,
				1346EB3F23929222005BCD53 /* RowRowIndex.swift */,
				1346EB4123929279005BCD53 /* ColumnIndex.swift */,
			);
			path = Position;
			sourceTree = "<group>";
		};
		1346EB5523929FB4005BCD53 /* Frameworks */ = {
			isa = PBXGroup;
			children = (
			);
			name = Frameworks;
			sourceTree = "<group>";
		};
		1346EB762392BED5005BCD53 /* Techniques */ = {
			isa = PBXGroup;
			children = (
				1346EB2E23927D09005BCD53 /* Technique.swift */,
				1346EB772392BEFB005BCD53 /* OpenSingleRow.swift */,
				136476362392F79A00DE6D9D /* OpenSingleColumn.swift */,
				136476382392F7BC00DE6D9D /* OpenSingleBlock.swift */,
				1346EB7B2392CA6E005BCD53 /* VisualElimination.swift */,
				1364763A2392F87300DE6D9D /* NakedSingle.swift */,
				1364763E239309F500DE6D9D /* ΗiddenSingleRow.swift */,
				13647642239310BF00DE6D9D /* HiddenSingleColumn.swift */,
			);
			path = Techniques;
			sourceTree = "<group>";
		};
		1346EB7F2392DBAA005BCD53 /* Techniques */ = {
			isa = PBXGroup;
			children = (
				1346EB802392DBBE005BCD53 /* OpenSingleSpec.swift */,
				136476342392F3E500DE6D9D /* VisualEliminationSpec.swift */,
				1364763C2393020E00DE6D9D /* NakedSingleSpec.swift */,
				1364764023930C4E00DE6D9D /* HiddenSingleRowSpec.swift */,
				136476442393111D00DE6D9D /* HiddenSingleColumnSpec.swift */,
			);
			path = Techniques;
			sourceTree = "<group>";
		};
		1346EB822392E05A005BCD53 /* Puzzle */ = {
			isa = PBXGroup;
			children = (
				1346EB1E23927610005BCD53 /* Puzzle.swift */,
				1346EB832392E06A005BCD53 /* Puzzle+Row.swift */,
				1346EB852392E090005BCD53 /* Puzzle+Block.swift */,
				1346EB872392E0C0005BCD53 /* Puzzle+Column.swift */,
				1346EB892392E0E5005BCD53 /* Puzzle+Lenses.swift */,
			);
			path = Puzzle;
			sourceTree = "<group>";
		};
/* End PBXGroup section */

/* Begin PBXNativeTarget section */
		1346EAE4239275CB005BCD53 /* Sudoku */ = {
			isa = PBXNativeTarget;
			buildConfigurationList = 1346EB0F239275CC005BCD53 /* Build configuration list for PBXNativeTarget "Sudoku" */;
			buildPhases = (
				1346EAE1239275CB005BCD53 /* Sources */,
				1346EAE2239275CB005BCD53 /* Frameworks */,
				1346EAE3239275CB005BCD53 /* Resources */,
			);
			buildRules = (
			);
			dependencies = (
			);
			name = Sudoku;
			packageProductDependencies = (
			);
			productName = Sudoku;
			productReference = 1346EAE5239275CB005BCD53 /* Sudoku.app */;
			productType = "com.apple.product-type.application";
		};
		1346EAFA239275CC005BCD53 /* SudokuTests */ = {
			isa = PBXNativeTarget;
			buildConfigurationList = 1346EB12239275CC005BCD53 /* Build configuration list for PBXNativeTarget "SudokuTests" */;
			buildPhases = (
				1346EAF7239275CC005BCD53 /* Sources */,
				1346EAF8239275CC005BCD53 /* Frameworks */,
				1346EAF9239275CC005BCD53 /* Resources */,
			);
			buildRules = (
			);
			dependencies = (
				1346EB5B23929FBA005BCD53 /* PBXTargetDependency */,
				1346EB5D23929FBA005BCD53 /* PBXTargetDependency */,
				1346EAFD239275CC005BCD53 /* PBXTargetDependency */,
			);
			name = SudokuTests;
			packageProductDependencies = (
				1346EB5623929FB4005BCD53 /* Quick */,
				1346EB5823929FB4005BCD53 /* Nimble */,
			);
			productName = SudokuTests;
			productReference = 1346EAFB239275CC005BCD53 /* SudokuTests.xctest */;
			productType = "com.apple.product-type.bundle.unit-test";
		};
		1346EB05239275CC005BCD53 /* SudokuUITests */ = {
			isa = PBXNativeTarget;
			buildConfigurationList = 1346EB15239275CC005BCD53 /* Build configuration list for PBXNativeTarget "SudokuUITests" */;
			buildPhases = (
				1346EB02239275CC005BCD53 /* Sources */,
				1346EB03239275CC005BCD53 /* Frameworks */,
				1346EB04239275CC005BCD53 /* Resources */,
			);
			buildRules = (
			);
			dependencies = (
				1346EB5F23929FCC005BCD53 /* PBXTargetDependency */,
				1346EB6123929FCC005BCD53 /* PBXTargetDependency */,
				1346EB08239275CC005BCD53 /* PBXTargetDependency */,
			);
			name = SudokuUITests;
			packageProductDependencies = (
				1346EB6223929FD2005BCD53 /* Quick */,
				1346EB6423929FD2005BCD53 /* Nimble */,
			);
			productName = SudokuUITests;
			productReference = 1346EB06239275CC005BCD53 /* SudokuUITests.xctest */;
			productType = "com.apple.product-type.bundle.ui-testing";
		};
/* End PBXNativeTarget section */

/* Begin PBXProject section */
		1346EADD239275CB005BCD53 /* Project object */ = {
			isa = PBXProject;
			attributes = {
				LastSwiftUpdateCheck = 1120;
				LastUpgradeCheck = 1120;
				ORGANIZATIONNAME = "George Kaimakas";
				TargetAttributes = {
					1346EAE4239275CB005BCD53 = {
						CreatedOnToolsVersion = 11.2.1;
					};
					1346EAFA239275CC005BCD53 = {
						CreatedOnToolsVersion = 11.2.1;
						TestTargetID = 1346EAE4239275CB005BCD53;
					};
					1346EB05239275CC005BCD53 = {
						CreatedOnToolsVersion = 11.2.1;
						TestTargetID = 1346EAE4239275CB005BCD53;
					};
				};
			};
			buildConfigurationList = 1346EAE0239275CB005BCD53 /* Build configuration list for PBXProject "Sudoku" */;
			compatibilityVersion = "Xcode 9.3";
			developmentRegion = en;
			hasScannedForEncodings = 0;
			knownRegions = (
				en,
				Base,
			);
			mainGroup = 1346EADC239275CB005BCD53;
			packageReferences = (
				1346EB4F23929F40005BCD53 /* XCRemoteSwiftPackageReference "Quick" */,
				1346EB5223929F90005BCD53 /* XCRemoteSwiftPackageReference "Nimble" */,
			);
			productRefGroup = 1346EAE6239275CB005BCD53 /* Products */;
			projectDirPath = "";
			projectRoot = "";
			targets = (
				1346EAE4239275CB005BCD53 /* Sudoku */,
				1346EAFA239275CC005BCD53 /* SudokuTests */,
				1346EB05239275CC005BCD53 /* SudokuUITests */,
			);
		};
/* End PBXProject section */

/* Begin PBXResourcesBuildPhase section */
		1346EAE3239275CB005BCD53 /* Resources */ = {
			isa = PBXResourcesBuildPhase;
			buildActionMask = 2147483647;
			files = (
				1346EAF5239275CC005BCD53 /* LaunchScreen.storyboard in Resources */,
				1346EAF2239275CC005BCD53 /* Preview Assets.xcassets in Resources */,
				1346EAEF239275CC005BCD53 /* Assets.xcassets in Resources */,
			);
			runOnlyForDeploymentPostprocessing = 0;
		};
		1346EAF9239275CC005BCD53 /* Resources */ = {
			isa = PBXResourcesBuildPhase;
			buildActionMask = 2147483647;
			files = (
			);
			runOnlyForDeploymentPostprocessing = 0;
		};
		1346EB04239275CC005BCD53 /* Resources */ = {
			isa = PBXResourcesBuildPhase;
			buildActionMask = 2147483647;
			files = (
			);
			runOnlyForDeploymentPostprocessing = 0;
		};
/* End PBXResourcesBuildPhase section */

/* Begin PBXSourcesBuildPhase section */
		1346EAE1239275CB005BCD53 /* Sources */ = {
			isa = PBXSourcesBuildPhase;
			buildActionMask = 2147483647;
			files = (
				1346EB382392850C005BCD53 /* PuzzleView.swift in Sources */,
				1346EB4223929279005BCD53 /* ColumnIndex.swift in Sources */,
				1346EB212392767E005BCD53 /* CellPosition.swift in Sources */,
				1346EB782392BEFB005BCD53 /* OpenSingleRow.swift in Sources */,
				1346EB842392E06A005BCD53 /* Puzzle+Row.swift in Sources */,
				1364763F239309F500DE6D9D /* ΗiddenSingleRow.swift in Sources */,
				136476372392F79A00DE6D9D /* OpenSingleColumn.swift in Sources */,
				1346EB3623928489005BCD53 /* BlockView.swift in Sources */,
				1346EB2623927845005BCD53 /* ForwardApplication.swift in Sources */,
				1346EB7E2392D130005BCD53 /* BlockPosition.swift in Sources */,
				1346EAE9239275CB005BCD53 /* AppDelegate.swift in Sources */,
				1346EB1A239275E6005BCD53 /* Cell.swift in Sources */,
				1346EB24239277AA005BCD53 /* Pipe.swift in Sources */,
				1346EB34239282BD005BCD53 /* CellView.swift in Sources */,
				1346EB3D23928E30005BCD53 /* Sequence.swift in Sources */,
				1346EB8A2392E0E5005BCD53 /* Puzzle+Lenses.swift in Sources */,
				136476392392F7BC00DE6D9D /* OpenSingleBlock.swift in Sources */,
				1346EB1F23927610005BCD53 /* Puzzle.swift in Sources */,
				1346EB7C2392CA6E005BCD53 /* VisualElimination.swift in Sources */,
				1346EB2D23927A56005BCD53 /* Curry.swift in Sources */,
				1346EB2A239278AD005BCD53 /* ForwardComposition.swift in Sources */,
				1346EB882392E0C0005BCD53 /* Puzzle+Column.swift in Sources */,
				1346EB862392E090005BCD53 /* Puzzle+Block.swift in Sources */,
				1346EAEB239275CB005BCD53 /* SceneDelegate.swift in Sources */,
				13647643239310BF00DE6D9D /* HiddenSingleColumn.swift in Sources */,
				1346EB2823927881005BCD53 /* ForwardCompose.swift in Sources */,
				1346EB3A23928804005BCD53 /* Style.swift in Sources */,
				1346EB712392B5CE005BCD53 /* Array.swift in Sources */,
				1346EB2F23927D09005BCD53 /* Technique.swift in Sources */,
				1346EB692392A165005BCD53 /* String.swift in Sources */,
				1346EB4023929222005BCD53 /* RowRowIndex.swift in Sources */,
				1364763B2392F87300DE6D9D /* NakedSingle.swift in Sources */,
				1346EAED239275CB005BCD53 /* ContentView.swift in Sources */,
				1346EB732392B5EC005BCD53 /* Set.swift in Sources */,
				1346EB7A2392BFE9005BCD53 /* Lens.swift in Sources */,
			);
			runOnlyForDeploymentPostprocessing = 0;
		};
		1346EAF7239275CC005BCD53 /* Sources */ = {
			isa = PBXSourcesBuildPhase;
			buildActionMask = 2147483647;
			files = (
				1364763D2393020E00DE6D9D /* NakedSingleSpec.swift in Sources */,
				136476452393111D00DE6D9D /* HiddenSingleColumnSpec.swift in Sources */,
				1346EB6B2392A1DA005BCD53 /* StringExtensionsSpec.swift in Sources */,
				1346EB672392A061005BCD53 /* SudokuParserSpec.swift in Sources */,
				1346EB00239275CC005BCD53 /* SudokuTests.swift in Sources */,
				1346EB812392DBBE005BCD53 /* OpenSingleSpec.swift in Sources */,
				1364764123930C4E00DE6D9D /* HiddenSingleRowSpec.swift in Sources */,
				136476352392F3E500DE6D9D /* VisualEliminationSpec.swift in Sources */,
				1346EB752392B832005BCD53 /* PuzzleRowSpec.swift in Sources */,
			);
			runOnlyForDeploymentPostprocessing = 0;
		};
		1346EB02239275CC005BCD53 /* Sources */ = {
			isa = PBXSourcesBuildPhase;
			buildActionMask = 2147483647;
			files = (
				1346EB0B239275CC005BCD53 /* SudokuUITests.swift in Sources */,
			);
			runOnlyForDeploymentPostprocessing = 0;
		};
/* End PBXSourcesBuildPhase section */

/* Begin PBXTargetDependency section */
		1346EAFD239275CC005BCD53 /* PBXTargetDependency */ = {
			isa = PBXTargetDependency;
			target = 1346EAE4239275CB005BCD53 /* Sudoku */;
			targetProxy = 1346EAFC239275CC005BCD53 /* PBXContainerItemProxy */;
		};
		1346EB08239275CC005BCD53 /* PBXTargetDependency */ = {
			isa = PBXTargetDependency;
			target = 1346EAE4239275CB005BCD53 /* Sudoku */;
			targetProxy = 1346EB07239275CC005BCD53 /* PBXContainerItemProxy */;
		};
		1346EB5B23929FBA005BCD53 /* PBXTargetDependency */ = {
			isa = PBXTargetDependency;
			productRef = 1346EB5A23929FBA005BCD53 /* Quick */;
		};
		1346EB5D23929FBA005BCD53 /* PBXTargetDependency */ = {
			isa = PBXTargetDependency;
			productRef = 1346EB5C23929FBA005BCD53 /* Nimble */;
		};
		1346EB5F23929FCC005BCD53 /* PBXTargetDependency */ = {
			isa = PBXTargetDependency;
			productRef = 1346EB5E23929FCC005BCD53 /* Quick */;
		};
		1346EB6123929FCC005BCD53 /* PBXTargetDependency */ = {
			isa = PBXTargetDependency;
			productRef = 1346EB6023929FCC005BCD53 /* Nimble */;
		};
/* End PBXTargetDependency section */

/* Begin PBXVariantGroup section */
		1346EAF3239275CC005BCD53 /* LaunchScreen.storyboard */ = {
			isa = PBXVariantGroup;
			children = (
				1346EAF4239275CC005BCD53 /* Base */,
			);
			name = LaunchScreen.storyboard;
			sourceTree = "<group>";
		};
/* End PBXVariantGroup section */

/* Begin XCBuildConfiguration section */
		1346EB0D239275CC005BCD53 /* Debug */ = {
			isa = XCBuildConfiguration;
			buildSettings = {
				ALWAYS_SEARCH_USER_PATHS = NO;
				CLANG_ANALYZER_NONNULL = YES;
				CLANG_ANALYZER_NUMBER_OBJECT_CONVERSION = YES_AGGRESSIVE;
				CLANG_CXX_LANGUAGE_STANDARD = "gnu++14";
				CLANG_CXX_LIBRARY = "libc++";
				CLANG_ENABLE_MODULES = YES;
				CLANG_ENABLE_OBJC_ARC = YES;
				CLANG_ENABLE_OBJC_WEAK = YES;
				CLANG_WARN_BLOCK_CAPTURE_AUTORELEASING = YES;
				CLANG_WARN_BOOL_CONVERSION = YES;
				CLANG_WARN_COMMA = YES;
				CLANG_WARN_CONSTANT_CONVERSION = YES;
				CLANG_WARN_DEPRECATED_OBJC_IMPLEMENTATIONS = YES;
				CLANG_WARN_DIRECT_OBJC_ISA_USAGE = YES_ERROR;
				CLANG_WARN_DOCUMENTATION_COMMENTS = YES;
				CLANG_WARN_EMPTY_BODY = YES;
				CLANG_WARN_ENUM_CONVERSION = YES;
				CLANG_WARN_INFINITE_RECURSION = YES;
				CLANG_WARN_INT_CONVERSION = YES;
				CLANG_WARN_NON_LITERAL_NULL_CONVERSION = YES;
				CLANG_WARN_OBJC_IMPLICIT_RETAIN_SELF = YES;
				CLANG_WARN_OBJC_LITERAL_CONVERSION = YES;
				CLANG_WARN_OBJC_ROOT_CLASS = YES_ERROR;
				CLANG_WARN_RANGE_LOOP_ANALYSIS = YES;
				CLANG_WARN_STRICT_PROTOTYPES = YES;
				CLANG_WARN_SUSPICIOUS_MOVE = YES;
				CLANG_WARN_UNGUARDED_AVAILABILITY = YES_AGGRESSIVE;
				CLANG_WARN_UNREACHABLE_CODE = YES;
				CLANG_WARN__DUPLICATE_METHOD_MATCH = YES;
				COPY_PHASE_STRIP = NO;
				DEBUG_INFORMATION_FORMAT = dwarf;
				ENABLE_STRICT_OBJC_MSGSEND = YES;
				ENABLE_TESTABILITY = YES;
				GCC_C_LANGUAGE_STANDARD = gnu11;
				GCC_DYNAMIC_NO_PIC = NO;
				GCC_NO_COMMON_BLOCKS = YES;
				GCC_OPTIMIZATION_LEVEL = 0;
				GCC_PREPROCESSOR_DEFINITIONS = (
					"DEBUG=1",
					"$(inherited)",
				);
				GCC_WARN_64_TO_32_BIT_CONVERSION = YES;
				GCC_WARN_ABOUT_RETURN_TYPE = YES_ERROR;
				GCC_WARN_UNDECLARED_SELECTOR = YES;
				GCC_WARN_UNINITIALIZED_AUTOS = YES_AGGRESSIVE;
				GCC_WARN_UNUSED_FUNCTION = YES;
				GCC_WARN_UNUSED_VARIABLE = YES;
				IPHONEOS_DEPLOYMENT_TARGET = 13.2;
				MTL_ENABLE_DEBUG_INFO = INCLUDE_SOURCE;
				MTL_FAST_MATH = YES;
				ONLY_ACTIVE_ARCH = YES;
				SDKROOT = iphoneos;
				SWIFT_ACTIVE_COMPILATION_CONDITIONS = DEBUG;
				SWIFT_OPTIMIZATION_LEVEL = "-Onone";
			};
			name = Debug;
		};
		1346EB0E239275CC005BCD53 /* Release */ = {
			isa = XCBuildConfiguration;
			buildSettings = {
				ALWAYS_SEARCH_USER_PATHS = NO;
				CLANG_ANALYZER_NONNULL = YES;
				CLANG_ANALYZER_NUMBER_OBJECT_CONVERSION = YES_AGGRESSIVE;
				CLANG_CXX_LANGUAGE_STANDARD = "gnu++14";
				CLANG_CXX_LIBRARY = "libc++";
				CLANG_ENABLE_MODULES = YES;
				CLANG_ENABLE_OBJC_ARC = YES;
				CLANG_ENABLE_OBJC_WEAK = YES;
				CLANG_WARN_BLOCK_CAPTURE_AUTORELEASING = YES;
				CLANG_WARN_BOOL_CONVERSION = YES;
				CLANG_WARN_COMMA = YES;
				CLANG_WARN_CONSTANT_CONVERSION = YES;
				CLANG_WARN_DEPRECATED_OBJC_IMPLEMENTATIONS = YES;
				CLANG_WARN_DIRECT_OBJC_ISA_USAGE = YES_ERROR;
				CLANG_WARN_DOCUMENTATION_COMMENTS = YES;
				CLANG_WARN_EMPTY_BODY = YES;
				CLANG_WARN_ENUM_CONVERSION = YES;
				CLANG_WARN_INFINITE_RECURSION = YES;
				CLANG_WARN_INT_CONVERSION = YES;
				CLANG_WARN_NON_LITERAL_NULL_CONVERSION = YES;
				CLANG_WARN_OBJC_IMPLICIT_RETAIN_SELF = YES;
				CLANG_WARN_OBJC_LITERAL_CONVERSION = YES;
				CLANG_WARN_OBJC_ROOT_CLASS = YES_ERROR;
				CLANG_WARN_RANGE_LOOP_ANALYSIS = YES;
				CLANG_WARN_STRICT_PROTOTYPES = YES;
				CLANG_WARN_SUSPICIOUS_MOVE = YES;
				CLANG_WARN_UNGUARDED_AVAILABILITY = YES_AGGRESSIVE;
				CLANG_WARN_UNREACHABLE_CODE = YES;
				CLANG_WARN__DUPLICATE_METHOD_MATCH = YES;
				COPY_PHASE_STRIP = NO;
				DEBUG_INFORMATION_FORMAT = "dwarf-with-dsym";
				ENABLE_NS_ASSERTIONS = NO;
				ENABLE_STRICT_OBJC_MSGSEND = YES;
				GCC_C_LANGUAGE_STANDARD = gnu11;
				GCC_NO_COMMON_BLOCKS = YES;
				GCC_WARN_64_TO_32_BIT_CONVERSION = YES;
				GCC_WARN_ABOUT_RETURN_TYPE = YES_ERROR;
				GCC_WARN_UNDECLARED_SELECTOR = YES;
				GCC_WARN_UNINITIALIZED_AUTOS = YES_AGGRESSIVE;
				GCC_WARN_UNUSED_FUNCTION = YES;
				GCC_WARN_UNUSED_VARIABLE = YES;
				IPHONEOS_DEPLOYMENT_TARGET = 13.2;
				MTL_ENABLE_DEBUG_INFO = NO;
				MTL_FAST_MATH = YES;
				SDKROOT = iphoneos;
				SWIFT_COMPILATION_MODE = wholemodule;
				SWIFT_OPTIMIZATION_LEVEL = "-O";
				VALIDATE_PRODUCT = YES;
			};
			name = Release;
		};
		1346EB10239275CC005BCD53 /* Debug */ = {
			isa = XCBuildConfiguration;
			buildSettings = {
				ASSETCATALOG_COMPILER_APPICON_NAME = AppIcon;
				CODE_SIGN_STYLE = Automatic;
				DEVELOPMENT_ASSET_PATHS = "\"Sudoku/Preview Content\"";
				DEVELOPMENT_TEAM = 96LJ93WQBU;
				ENABLE_PREVIEWS = YES;
				INFOPLIST_FILE = Sudoku/Info.plist;
				LD_RUNPATH_SEARCH_PATHS = (
					"$(inherited)",
					"@executable_path/Frameworks",
				);
				PRODUCT_BUNDLE_IDENTIFIER = com.gkaimakas.Sudoku;
				PRODUCT_NAME = "$(TARGET_NAME)";
				SWIFT_VERSION = 5.0;
				TARGETED_DEVICE_FAMILY = "1,2";
			};
			name = Debug;
		};
		1346EB11239275CC005BCD53 /* Release */ = {
			isa = XCBuildConfiguration;
			buildSettings = {
				ASSETCATALOG_COMPILER_APPICON_NAME = AppIcon;
				CODE_SIGN_STYLE = Automatic;
				DEVELOPMENT_ASSET_PATHS = "\"Sudoku/Preview Content\"";
				DEVELOPMENT_TEAM = 96LJ93WQBU;
				ENABLE_PREVIEWS = YES;
				INFOPLIST_FILE = Sudoku/Info.plist;
				LD_RUNPATH_SEARCH_PATHS = (
					"$(inherited)",
					"@executable_path/Frameworks",
				);
				PRODUCT_BUNDLE_IDENTIFIER = com.gkaimakas.Sudoku;
				PRODUCT_NAME = "$(TARGET_NAME)";
				SWIFT_VERSION = 5.0;
				TARGETED_DEVICE_FAMILY = "1,2";
			};
			name = Release;
		};
		1346EB13239275CC005BCD53 /* Debug */ = {
			isa = XCBuildConfiguration;
			buildSettings = {
				ALWAYS_EMBED_SWIFT_STANDARD_LIBRARIES = YES;
				BUNDLE_LOADER = "$(TEST_HOST)";
				CODE_SIGN_STYLE = Automatic;
				DEVELOPMENT_TEAM = 96LJ93WQBU;
				INFOPLIST_FILE = SudokuTests/Info.plist;
				IPHONEOS_DEPLOYMENT_TARGET = 13.2;
				LD_RUNPATH_SEARCH_PATHS = (
					"$(inherited)",
					"@executable_path/Frameworks",
					"@loader_path/Frameworks",
				);
				PRODUCT_BUNDLE_IDENTIFIER = com.gkaimakas.SudokuTests;
				PRODUCT_NAME = "$(TARGET_NAME)";
				SWIFT_VERSION = 5.0;
				TARGETED_DEVICE_FAMILY = "1,2";
				TEST_HOST = "$(BUILT_PRODUCTS_DIR)/Sudoku.app/Sudoku";
			};
			name = Debug;
		};
		1346EB14239275CC005BCD53 /* Release */ = {
			isa = XCBuildConfiguration;
			buildSettings = {
				ALWAYS_EMBED_SWIFT_STANDARD_LIBRARIES = YES;
				BUNDLE_LOADER = "$(TEST_HOST)";
				CODE_SIGN_STYLE = Automatic;
				DEVELOPMENT_TEAM = 96LJ93WQBU;
				INFOPLIST_FILE = SudokuTests/Info.plist;
				IPHONEOS_DEPLOYMENT_TARGET = 13.2;
				LD_RUNPATH_SEARCH_PATHS = (
					"$(inherited)",
					"@executable_path/Frameworks",
					"@loader_path/Frameworks",
				);
				PRODUCT_BUNDLE_IDENTIFIER = com.gkaimakas.SudokuTests;
				PRODUCT_NAME = "$(TARGET_NAME)";
				SWIFT_VERSION = 5.0;
				TARGETED_DEVICE_FAMILY = "1,2";
				TEST_HOST = "$(BUILT_PRODUCTS_DIR)/Sudoku.app/Sudoku";
			};
			name = Release;
		};
		1346EB16239275CC005BCD53 /* Debug */ = {
			isa = XCBuildConfiguration;
			buildSettings = {
				ALWAYS_EMBED_SWIFT_STANDARD_LIBRARIES = YES;
				CODE_SIGN_STYLE = Automatic;
				DEVELOPMENT_TEAM = 96LJ93WQBU;
				INFOPLIST_FILE = SudokuUITests/Info.plist;
				LD_RUNPATH_SEARCH_PATHS = (
					"$(inherited)",
					"@executable_path/Frameworks",
					"@loader_path/Frameworks",
				);
				PRODUCT_BUNDLE_IDENTIFIER = com.gkaimakas.SudokuUITests;
				PRODUCT_NAME = "$(TARGET_NAME)";
				SWIFT_VERSION = 5.0;
				TARGETED_DEVICE_FAMILY = "1,2";
				TEST_TARGET_NAME = Sudoku;
			};
			name = Debug;
		};
		1346EB17239275CC005BCD53 /* Release */ = {
			isa = XCBuildConfiguration;
			buildSettings = {
				ALWAYS_EMBED_SWIFT_STANDARD_LIBRARIES = YES;
				CODE_SIGN_STYLE = Automatic;
				DEVELOPMENT_TEAM = 96LJ93WQBU;
				INFOPLIST_FILE = SudokuUITests/Info.plist;
				LD_RUNPATH_SEARCH_PATHS = (
					"$(inherited)",
					"@executable_path/Frameworks",
					"@loader_path/Frameworks",
				);
				PRODUCT_BUNDLE_IDENTIFIER = com.gkaimakas.SudokuUITests;
				PRODUCT_NAME = "$(TARGET_NAME)";
				SWIFT_VERSION = 5.0;
				TARGETED_DEVICE_FAMILY = "1,2";
				TEST_TARGET_NAME = Sudoku;
			};
			name = Release;
		};
/* End XCBuildConfiguration section */

/* Begin XCConfigurationList section */
		1346EAE0239275CB005BCD53 /* Build configuration list for PBXProject "Sudoku" */ = {
			isa = XCConfigurationList;
			buildConfigurations = (
				1346EB0D239275CC005BCD53 /* Debug */,
				1346EB0E239275CC005BCD53 /* Release */,
			);
			defaultConfigurationIsVisible = 0;
			defaultConfigurationName = Release;
		};
		1346EB0F239275CC005BCD53 /* Build configuration list for PBXNativeTarget "Sudoku" */ = {
			isa = XCConfigurationList;
			buildConfigurations = (
				1346EB10239275CC005BCD53 /* Debug */,
				1346EB11239275CC005BCD53 /* Release */,
			);
			defaultConfigurationIsVisible = 0;
			defaultConfigurationName = Release;
		};
		1346EB12239275CC005BCD53 /* Build configuration list for PBXNativeTarget "SudokuTests" */ = {
			isa = XCConfigurationList;
			buildConfigurations = (
				1346EB13239275CC005BCD53 /* Debug */,
				1346EB14239275CC005BCD53 /* Release */,
			);
			defaultConfigurationIsVisible = 0;
			defaultConfigurationName = Release;
		};
		1346EB15239275CC005BCD53 /* Build configuration list for PBXNativeTarget "SudokuUITests" */ = {
			isa = XCConfigurationList;
			buildConfigurations = (
				1346EB16239275CC005BCD53 /* Debug */,
				1346EB17239275CC005BCD53 /* Release */,
			);
			defaultConfigurationIsVisible = 0;
			defaultConfigurationName = Release;
		};
/* End XCConfigurationList section */

/* Begin XCRemoteSwiftPackageReference section */
		1346EB4F23929F40005BCD53 /* XCRemoteSwiftPackageReference "Quick" */ = {
			isa = XCRemoteSwiftPackageReference;
			repositoryURL = "https://github.com/Quick/Quick.git";
			requirement = {
				kind = upToNextMajorVersion;
				minimumVersion = 2.2.0;
			};
		};
		1346EB5223929F90005BCD53 /* XCRemoteSwiftPackageReference "Nimble" */ = {
			isa = XCRemoteSwiftPackageReference;
			repositoryURL = "https://github.com/Quick/Nimble.git";
			requirement = {
				kind = upToNextMajorVersion;
				minimumVersion = 8.0.4;
			};
		};
/* End XCRemoteSwiftPackageReference section */

/* Begin XCSwiftPackageProductDependency section */
		1346EB5623929FB4005BCD53 /* Quick */ = {
			isa = XCSwiftPackageProductDependency;
			package = 1346EB4F23929F40005BCD53 /* XCRemoteSwiftPackageReference "Quick" */;
			productName = Quick;
		};
		1346EB5823929FB4005BCD53 /* Nimble */ = {
			isa = XCSwiftPackageProductDependency;
			package = 1346EB5223929F90005BCD53 /* XCRemoteSwiftPackageReference "Nimble" */;
			productName = Nimble;
		};
		1346EB5A23929FBA005BCD53 /* Quick */ = {
			isa = XCSwiftPackageProductDependency;
			package = 1346EB4F23929F40005BCD53 /* XCRemoteSwiftPackageReference "Quick" */;
			productName = Quick;
		};
		1346EB5C23929FBA005BCD53 /* Nimble */ = {
			isa = XCSwiftPackageProductDependency;
			package = 1346EB5223929F90005BCD53 /* XCRemoteSwiftPackageReference "Nimble" */;
			productName = Nimble;
		};
		1346EB5E23929FCC005BCD53 /* Quick */ = {
			isa = XCSwiftPackageProductDependency;
			package = 1346EB4F23929F40005BCD53 /* XCRemoteSwiftPackageReference "Quick" */;
			productName = Quick;
		};
		1346EB6023929FCC005BCD53 /* Nimble */ = {
			isa = XCSwiftPackageProductDependency;
			package = 1346EB5223929F90005BCD53 /* XCRemoteSwiftPackageReference "Nimble" */;
			productName = Nimble;
		};
		1346EB6223929FD2005BCD53 /* Quick */ = {
			isa = XCSwiftPackageProductDependency;
			package = 1346EB4F23929F40005BCD53 /* XCRemoteSwiftPackageReference "Quick" */;
			productName = Quick;
		};
		1346EB6423929FD2005BCD53 /* Nimble */ = {
			isa = XCSwiftPackageProductDependency;
			package = 1346EB5223929F90005BCD53 /* XCRemoteSwiftPackageReference "Nimble" */;
			productName = Nimble;
		};
/* End XCSwiftPackageProductDependency section */
	};
	rootObject = 1346EADD239275CB005BCD53 /* Project object */;
}
